<Solution>
  <Folder Name="/src/">
    <Project Path="src/PersonalAssistant.Api/PersonalAssistant.Api.csproj" />
    <Project Path="src/PersonalAssistant.Application/PersonalAssistant.Application.csproj" />
    <Project Path="src/PersonalAssistant.Domain/PersonalAssistant.Domain.csproj" />
    <Project Path="src/PersonalAssistant.Infrastructure/PersonalAssistant.Infrastructure.csproj" />
  </Folder>
  <Folder Name="/tests/">
    <Project Path="tests/PersonalAssistant.UnitTests/PersonalAssistant.UnitTests.csproj" />
  </Folder>
</Solution>
